
Microsoft Visual Studio Solution File, Format Version 12.00
# Visual Studio Version 17
VisualStudioVersion = 17.12.35514.174
MinimumVisualStudioVersion = 10.0.40219.1
Project("{2150E333-8FDC-42A3-9474-1A3956D46DE8}") = "Services", "Services", "{0992D2C4-8E47-476B-96C7-BE24FB4AABFF}"
EndProject
Project("{2150E333-8FDC-42A3-9474-1A3956D46DE8}") = "Catalog", "Catalog", "{D356C315-47FA-48C3-B2D0-3C3C092A7C8A}"
EndProject
Project("{FAE04EC0-301F-11D3-BF4B-00C04F79EFBC}") = "Catalog.API", "Services\Catalog\Catalog.API\Catalog.API.csproj", "{2A165995-D555-469F-86D7-8E495DB999D5}"
EndProject
Project("{2150E333-8FDC-42A3-9474-1A3956D46DE8}") = "BuildingBlocks", "BuildingBlocks", "{BE9A7788-7AB7-4341-BE0F-4FB2DED0FA68}"
EndProject
Project("{FAE04EC0-301F-11D3-BF4B-00C04F79EFBC}") = "BuildingBlocks", "BuildingBlocks\BuildingBlocks\BuildingBlocks.csproj", "{C16BC688-B420-49A6-9F3C-0E20F4E9D597}"
EndProject
Project("{E53339B2-1760-4266-BCC7-CA923CBCF16C}") = "docker-compose", "docker-compose.dcproj", "{F4A4C68D-A784-4556-80AD-AAC0E5F24648}"
EndProject
Project("{2150E333-8FDC-42A3-9474-1A3956D46DE8}") = "Basket", "Basket", "{1C70E7D0-0DF8-40EA-B1E4-FF3483FFFAD0}"
EndProject
Project("{FAE04EC0-301F-11D3-BF4B-00C04F79EFBC}") = "Basket.API", "Services\Basket\Basket.API\Basket.API.csproj", "{9B5FD68D-CA05-469B-ADBA-30A6740D8B72}"
EndProject
Project("{2150E333-8FDC-42A3-9474-1A3956D46DE8}") = "Discount", "Discount", "{30A9A4F1-171E-4CF0-9C80-14787DA316A2}"
EndProject
Project("{FAE04EC0-301F-11D3-BF4B-00C04F79EFBC}") = "Discount.Grpc", "Services\Discount\Discount.Grpc\Discount.Grpc.csproj", "{24065F82-F051-4BFA-B0ED-2B5EA347A3B1}"
EndProject
Project("{2150E333-8FDC-42A3-9474-1A3956D46DE8}") = "Ordering", "Ordering", "{1DA2A15F-5784-4A8D-BAB5-079E64A0E779}"
EndProject
Project("{FAE04EC0-301F-11D3-BF4B-00C04F79EFBC}") = "Ordering.API", "Services\Ordering\Ordering.API\Ordering.API.csproj", "{49033B23-C985-4108-8778-C361B4F98253}"
EndProject
Project("{FAE04EC0-301F-11D3-BF4B-00C04F79EFBC}") = "Ordering.Domain", "Services\Ordering\Ordering.Domain\Ordering.Domain.csproj", "{5210BCF2-C5B1-4010-801C-4C21018CB0C2}"
EndProject
Project("{FAE04EC0-301F-11D3-BF4B-00C04F79EFBC}") = "Ordering.Application", "Services\Ordering\Ordering.Application\Ordering.Application.csproj", "{810518CD-2DA9-437F-80A5-52704A008225}"
EndProject
Project("{FAE04EC0-301F-11D3-BF4B-00C04F79EFBC}") = "Ordering.Infrastructure", "Services\Ordering\Ordering.Infrastructure\Ordering.Infrastructure.csproj", "{93510566-E66F-4EC2-B63B-878D97481C90}"
EndProject
Project("{FAE04EC0-301F-11D3-BF4B-00C04F79EFBC}") = "BuildingBlocks.Messaging", "BuildingBlocks\BuildingBlocks.Messaging\BuildingBlocks.Messaging.csproj", "{7AF0CFC2-1814-47DB-9C63-C94F7661925B}"
EndProject
Project("{2150E333-8FDC-42A3-9474-1A3956D46DE8}") = "ApiGateways", "ApiGateways", "{0C15EDFD-ACA3-49B5-B5EE-59D797F2785A}"
EndProject
Project("{FAE04EC0-301F-11D3-BF4B-00C04F79EFBC}") = "YarpApiGateway", "ApiGateways\YarpApiGateway\YarpApiGateway.csproj", "{8B52A7CC-A30A-4828-92D1-2E0BB25E5078}"
EndProject
Global
	GlobalSection(SolutionConfigurationPlatforms) = preSolution
		Debug|Any CPU = Debug|Any CPU
		Release|Any CPU = Release|Any CPU
	EndGlobalSection
	GlobalSection(ProjectConfigurationPlatforms) = postSolution
		{2A165995-D555-469F-86D7-8E495DB999D5}.Debug|Any CPU.ActiveCfg = Debug|Any CPU
		{2A165995-D555-469F-86D7-8E495DB999D5}.Debug|Any CPU.Build.0 = Debug|Any CPU
		{2A165995-D555-469F-86D7-8E495DB999D5}.Release|Any CPU.ActiveCfg = Release|Any CPU
		{2A165995-D555-469F-86D7-8E495DB999D5}.Release|Any CPU.Build.0 = Release|Any CPU
		{C16BC688-B420-49A6-9F3C-0E20F4E9D597}.Debug|Any CPU.ActiveCfg = Debug|Any CPU
		{C16BC688-B420-49A6-9F3C-0E20F4E9D597}.Debug|Any CPU.Build.0 = Debug|Any CPU
		{C16BC688-B420-49A6-9F3C-0E20F4E9D597}.Release|Any CPU.ActiveCfg = Release|Any CPU
		{C16BC688-B420-49A6-9F3C-0E20F4E9D597}.Release|Any CPU.Build.0 = Release|Any CPU
		{F4A4C68D-A784-4556-80AD-AAC0E5F24648}.Debug|Any CPU.ActiveCfg = Debug|Any CPU
		{F4A4C68D-A784-4556-80AD-AAC0E5F24648}.Debug|Any CPU.Build.0 = Debug|Any CPU
		{F4A4C68D-A784-4556-80AD-AAC0E5F24648}.Release|Any CPU.ActiveCfg = Release|Any CPU
		{F4A4C68D-A784-4556-80AD-AAC0E5F24648}.Release|Any CPU.Build.0 = Release|Any CPU
		{9B5FD68D-CA05-469B-ADBA-30A6740D8B72}.Debug|Any CPU.ActiveCfg = Debug|Any CPU
		{9B5FD68D-CA05-469B-ADBA-30A6740D8B72}.Debug|Any CPU.Build.0 = Debug|Any CPU
		{9B5FD68D-CA05-469B-ADBA-30A6740D8B72}.Release|Any CPU.ActiveCfg = Release|Any CPU
		{9B5FD68D-CA05-469B-ADBA-30A6740D8B72}.Release|Any CPU.Build.0 = Release|Any CPU
		{24065F82-F051-4BFA-B0ED-2B5EA347A3B1}.Debug|Any CPU.ActiveCfg = Debug|Any CPU
		{24065F82-F051-4BFA-B0ED-2B5EA347A3B1}.Debug|Any CPU.Build.0 = Debug|Any CPU
		{24065F82-F051-4BFA-B0ED-2B5EA347A3B1}.Release|Any CPU.ActiveCfg = Release|Any CPU
		{24065F82-F051-4BFA-B0ED-2B5EA347A3B1}.Release|Any CPU.Build.0 = Release|Any CPU
		{49033B23-C985-4108-8778-C361B4F98253}.Debug|Any CPU.ActiveCfg = Debug|Any CPU
		{49033B23-C985-4108-8778-C361B4F98253}.Debug|Any CPU.Build.0 = Debug|Any CPU
		{49033B23-C985-4108-8778-C361B4F98253}.Release|Any CPU.ActiveCfg = Release|Any CPU
		{49033B23-C985-4108-8778-C361B4F98253}.Release|Any CPU.Build.0 = Release|Any CPU
		{5210BCF2-C5B1-4010-801C-4C21018CB0C2}.Debug|Any CPU.ActiveCfg = Debug|Any CPU
		{5210BCF2-C5B1-4010-801C-4C21018CB0C2}.Debug|Any CPU.Build.0 = Debug|Any CPU
		{5210BCF2-C5B1-4010-801C-4C21018CB0C2}.Release|Any CPU.ActiveCfg = Release|Any CPU
		{5210BCF2-C5B1-4010-801C-4C21018CB0C2}.Release|Any CPU.Build.0 = Release|Any CPU
		{810518CD-2DA9-437F-80A5-52704A008225}.Debug|Any CPU.ActiveCfg = Debug|Any CPU
		{810518CD-2DA9-437F-80A5-52704A008225}.Debug|Any CPU.Build.0 = Debug|Any CPU
		{810518CD-2DA9-437F-80A5-52704A008225}.Release|Any CPU.ActiveCfg = Release|Any CPU
		{810518CD-2DA9-437F-80A5-52704A008225}.Release|Any CPU.Build.0 = Release|Any CPU
		{93510566-E66F-4EC2-B63B-878D97481C90}.Debug|Any CPU.ActiveCfg = Debug|Any CPU
		{93510566-E66F-4EC2-B63B-878D97481C90}.Debug|Any CPU.Build.0 = Debug|Any CPU
		{93510566-E66F-4EC2-B63B-878D97481C90}.Release|Any CPU.ActiveCfg = Release|Any CPU
		{93510566-E66F-4EC2-B63B-878D97481C90}.Release|Any CPU.Build.0 = Release|Any CPU
		{7AF0CFC2-1814-47DB-9C63-C94F7661925B}.Debug|Any CPU.ActiveCfg = Debug|Any CPU
		{7AF0CFC2-1814-47DB-9C63-C94F7661925B}.Debug|Any CPU.Build.0 = Debug|Any CPU
		{7AF0CFC2-1814-47DB-9C63-C94F7661925B}.Release|Any CPU.ActiveCfg = Release|Any CPU
		{7AF0CFC2-1814-47DB-9C63-C94F7661925B}.Release|Any CPU.Build.0 = Release|Any CPU
		{8B52A7CC-A30A-4828-92D1-2E0BB25E5078}.Debug|Any CPU.ActiveCfg = Debug|Any CPU
		{8B52A7CC-A30A-4828-92D1-2E0BB25E5078}.Debug|Any CPU.Build.0 = Debug|Any CPU
		{8B52A7CC-A30A-4828-92D1-2E0BB25E5078}.Release|Any CPU.ActiveCfg = Release|Any CPU
		{8B52A7CC-A30A-4828-92D1-2E0BB25E5078}.Release|Any CPU.Build.0 = Release|Any CPU
	EndGlobalSection
	GlobalSection(SolutionProperties) = preSolution
		HideSolutionNode = FALSE
	EndGlobalSection
	GlobalSection(NestedProjects) = preSolution
		{D356C315-47FA-48C3-B2D0-3C3C092A7C8A} = {0992D2C4-8E47-476B-96C7-BE24FB4AABFF}
		{2A165995-D555-469F-86D7-8E495DB999D5} = {D356C315-47FA-48C3-B2D0-3C3C092A7C8A}
		{C16BC688-B420-49A6-9F3C-0E20F4E9D597} = {BE9A7788-7AB7-4341-BE0F-4FB2DED0FA68}
		{1C70E7D0-0DF8-40EA-B1E4-FF3483FFFAD0} = {0992D2C4-8E47-476B-96C7-BE24FB4AABFF}
		{9B5FD68D-CA05-469B-ADBA-30A6740D8B72} = {1C70E7D0-0DF8-40EA-B1E4-FF3483FFFAD0}
		{30A9A4F1-171E-4CF0-9C80-14787DA316A2} = {0992D2C4-8E47-476B-96C7-BE24FB4AABFF}
		{24065F82-F051-4BFA-B0ED-2B5EA347A3B1} = {30A9A4F1-171E-4CF0-9C80-14787DA316A2}
		{1DA2A15F-5784-4A8D-BAB5-079E64A0E779} = {0992D2C4-8E47-476B-96C7-BE24FB4AABFF}
		{49033B23-C985-4108-8778-C361B4F98253} = {1DA2A15F-5784-4A8D-BAB5-079E64A0E779}
		{5210BCF2-C5B1-4010-801C-4C21018CB0C2} = {1DA2A15F-5784-4A8D-BAB5-079E64A0E779}
		{810518CD-2DA9-437F-80A5-52704A008225} = {1DA2A15F-5784-4A8D-BAB5-079E64A0E779}
		{93510566-E66F-4EC2-B63B-878D97481C90} = {1DA2A15F-5784-4A8D-BAB5-079E64A0E779}
		{7AF0CFC2-1814-47DB-9C63-C94F7661925B} = {BE9A7788-7AB7-4341-BE0F-4FB2DED0FA68}
		{8B52A7CC-A30A-4828-92D1-2E0BB25E5078} = {0C15EDFD-ACA3-49B5-B5EE-59D797F2785A}
	EndGlobalSection
EndGlobal
