
Microsoft Visual Studio Solution File, Format Version 12.00
# Visual Studio Version 17
VisualStudioVersion = 17.12.35514.174
MinimumVisualStudioVersion = 10.0.40219.1
Project("{2150E333-8FDC-42A3-9474-1A3956D46DE8}") = "Services", "Services", "{0992D2C4-8E47-476B-96C7-BE24FB4AABFF}"
EndProject
Project("{2150E333-8FDC-42A3-9474-1A3956D46DE8}") = "Catalog", "Catalog", "{D356C315-47FA-48C3-B2D0-3C3C092A7C8A}"
EndProject
Project("{FAE04EC0-301F-11D3-BF4B-00C04F79EFBC}") = "Catalog.API", "Services\Catalog\Catalog.API\Catalog.API.csproj", "{2A165995-D555-469F-86D7-8E495DB999D5}"
EndProject
Project("{2150E333-8FDC-42A3-9474-1A3956D46DE8}") = "BuildingBlocks", "BuildingBlocks", "{BE9A7788-7AB7-4341-BE0F-4FB2DED0FA68}"
EndProject
Project("{FAE04EC0-301F-11D3-BF4B-00C04F79EFBC}") = "BuildingBlocks", "BuildingBlocks\BuildingBlocks\BuildingBlocks.csproj", "{C16BC688-B420-49A6-9F3C-0E20F4E9D597}"
EndProject
Project("{E53339B2-1760-4266-BCC7-CA923CBCF16C}") = "docker-compose", "docker-compose.dcproj", "{F4A4C68D-A784-4556-80AD-AAC0E5F24648}"
EndProject
Global
	GlobalSection(SolutionConfigurationPlatforms) = preSolution
		Debug|Any CPU = Debug|Any CPU
		Release|Any CPU = Release|Any CPU
	EndGlobalSection
	GlobalSection(ProjectConfigurationPlatforms) = postSolution
		{2A165995-D555-469F-86D7-8E495DB999D5}.Debug|Any CPU.ActiveCfg = Debug|Any CPU
		{2A165995-D555-469F-86D7-8E495DB999D5}.Debug|Any CPU.Build.0 = Debug|Any CPU
		{2A165995-D555-469F-86D7-8E495DB999D5}.Release|Any CPU.ActiveCfg = Release|Any CPU
		{2A165995-D555-469F-86D7-8E495DB999D5}.Release|Any CPU.Build.0 = Release|Any CPU
		{C16BC688-B420-49A6-9F3C-0E20F4E9D597}.Debug|Any CPU.ActiveCfg = Debug|Any CPU
		{C16BC688-B420-49A6-9F3C-0E20F4E9D597}.Debug|Any CPU.Build.0 = Debug|Any CPU
		{C16BC688-B420-49A6-9F3C-0E20F4E9D597}.Release|Any CPU.ActiveCfg = Release|Any CPU
		{C16BC688-B420-49A6-9F3C-0E20F4E9D597}.Release|Any CPU.Build.0 = Release|Any CPU
		{F4A4C68D-A784-4556-80AD-AAC0E5F24648}.Debug|Any CPU.ActiveCfg = Debug|Any CPU
		{F4A4C68D-A784-4556-80AD-AAC0E5F24648}.Debug|Any CPU.Build.0 = Debug|Any CPU
		{F4A4C68D-A784-4556-80AD-AAC0E5F24648}.Release|Any CPU.ActiveCfg = Release|Any CPU
		{F4A4C68D-A784-4556-80AD-AAC0E5F24648}.Release|Any CPU.Build.0 = Release|Any CPU
	EndGlobalSection
	GlobalSection(SolutionProperties) = preSolution
		HideSolutionNode = FALSE
	EndGlobalSection
	GlobalSection(NestedProjects) = preSolution
		{D356C315-47FA-48C3-B2D0-3C3C092A7C8A} = {0992D2C4-8E47-476B-96C7-BE24FB4AABFF}
		{2A165995-D555-469F-86D7-8E495DB999D5} = {D356C315-47FA-48C3-B2D0-3C3C092A7C8A}
		{C16BC688-B420-49A6-9F3C-0E20F4E9D597} = {BE9A7788-7AB7-4341-BE0F-4FB2DED0FA68}
	EndGlobalSection
EndGlobal
